github.com/barbell-math/smoothbrain-errs v0.0.0-20250326003303-4bfaa53d4692 h1:R7DfNN4QUdiZzoETm7MhRNOpJGNMX2Zkcc4wbHN/01Q=
github.com/barbell-math/smoothbrain-errs v0.0.0-20250326003303-4bfaa53d4692/go.mod h1:ZnKA2X5W/qeoCkeDJ0fNtv+UxZbho1RQYw1RcOOiBG4=
github.com/barbell-math/smoothbrain-errs v0.0.0-20250326041542-42410f30d2f7 h1:MBJnL0Qc1Cr4j93Qh44k+RlRWEq1WbZ5kYbL4kMCaG0=
github.com/barbell-math/smoothbrain-errs v0.0.0-20250326041542-42410f30d2f7/go.mod h1:ZnKA2X5W/qeoCkeDJ0fNtv+UxZbho1RQYw1RcOOiBG4=
github.com/barbell-math/smoothbrain-errs v0.0.0-20250330055555-7831e62c2b64 h1:NTDwGByfaWGTcZMyIP4vUD7RW3y0RT2ag5aP3GPZEVQ=
github.com/barbell-math/smoothbrain-errs v0.0.0-20250330055555-7831e62c2b64/go.mod h1:ZnKA2X5W/qeoCkeDJ0fNtv+UxZbho1RQYw1RcOOiBG4=
github.com/barbell-math/smoothbrain-errs v0.0.0-20250415081734-4786c7d59be9 h1:hJn/2cqETJP4Nv91uIf33gCB7BKXOK3JEi+W+7T9Mg8=
github.com/barbell-math/smoothbrain-errs v0.0.0-20250415081734-4786c7d59be9/go.mod h1:YOgWyHDXSHiqud/adCybkoyywzNUi+ia0faw9y1Vong=
github.com/barbell-math/smoothbrain-hashmap v0.0.0-20250418054315-bc98c2a840b6 h1:3s+cNiWHOnUoq+oxd8lpR50Zg3H1GN79vB9KzuMmYJQ=
github.com/barbell-math/smoothbrain-hashmap v0.0.0-20250418054315-bc98c2a840b6/go.mod h1:j3PYOGa4yY4iSzTQhUQtUDJAFvk5H6ik4kRPpw+LArM=
github.com/barbell-math/smoothbrain-test v0.0.0-20250326001626-7c9fe71c2d3e h1:NMtbCoLNHFjZblZFXqv/YYIwjMHO0qJ673dhao9s9Ys=
github.com/barbell-math/smoothbrain-test v0.0.0-20250326001626-7c9fe71c2d3e/go.mod h1:jHDI8FfAF7h9/If+Vm2tS0M3EU5MHjrCRbsrD8s2ayw=
github.com/barbell-math/smoothbrain-test v0.0.0-20250326041428-0b81084d11af h1:QNsJYD3jrg1tjuVA2iszGfwZHi/90R7D4DpQd0uecm0=
github.com/barbell-math/smoothbrain-test v0.0.0-20250326041428-0b81084d11af/go.mod h1:jHDI8FfAF7h9/If+Vm2tS0M3EU5MHjrCRbsrD8s2ayw=
github.com/barbell-math/smoothbrain-test v0.0.0-20250415081647-e83afda15a94 h1:Odu4SvA53S47yswwnRDdfY1u5zWC0EUPhFpjAu+WFa0=
github.com/barbell-math/smoothbrain-test v0.0.0-20250415081647-e83afda15a94/go.mod h1:Cngin9zc/7/P5GGg90R9ltJoPPl1l9cGG1ZAlexa6o8=
golang.org/x/exp v0.0.0-20250305212735-054e65f0b394 h1:nDVHiLt8aIbd/VzvPWN6kSOPE7+F/fNFDSXLVYkE/Iw=
golang.org/x/exp v0.0.0-20250305212735-054e65f0b394/go.mod h1:sIifuuw/Yco/y6yb6+bDNfyeQ/MdPUy/hKEMYQV17cM=
