github.com/BurntSushi/toml v1.5.0 h1:W5quZX/G/csjUnuI8SUYlsHs9M38FC7znL0lIO+DvMg=
github.com/BurntSushi/toml v1.5.0/go.mod h1:ukJfTF/6rtPPRCnwkur4qwRxa8vTRFBF0uk2lLoLwho=
github.com/barbell-math/smoothbrain-bs v0.0.0-20250723065839-bed764397213 h1:h8sQtjgXFIQsTgJ5Tx85K9xv0SY7VcUM3LQoznkp9d0=
github.com/barbell-math/smoothbrain-bs v0.0.0-20250723065839-bed764397213/go.mod h1:FQWW2l1VFXaivWjczddZ565lW7JijYX9ox/lyA0rEBg=
github.com/barbell-math/smoothbrain-errs v0.0.0-20250723070428-fd86bcc11533 h1:YCYoS4zl2rSNIc8UvZheurl0fNk0HJeLD/XUlkt54UA=
github.com/barbell-math/smoothbrain-errs v0.0.0-20250723070428-fd86bcc11533/go.mod h1:qFxFp0tLTTecRCTZ/WrrDAZ1q7npo+56UBmCYiRqsuQ=
github.com/barbell-math/smoothbrain-test v0.0.0-20250723070109-ff7cc4fb999d h1:9K0LuCdkV+KP5DpIEo96i1GLFbda9t6Vv2Kcpj9cZbc=
github.com/barbell-math/smoothbrain-test v0.0.0-20250723070109-ff7cc4fb999d/go.mod h1:D5i1/BkXkkHNWBigLQ3ywhRBQvUDR5i4nnkDCzopX/8=
golang.org/x/exp v0.0.0-20250718183923-645b1fa84792 h1:R9PFI6EUdfVKgwKjZef7QIwGcBKu86OEFpJ9nUEP2l4=
golang.org/x/exp v0.0.0-20250718183923-645b1fa84792/go.mod h1:A+z0yzpGtvnG90cToK5n2tu8UJVP2XUATh+r+sfOOOc=
